{
  "projectId": "alex-project-777",
  "appId": "1:990644348112:web:e1987e4b4b889d5b85ead5",
  "apiKey": "AIzaSyCN-LfNHvWpZK9d8wDqKhlPGjgsJa0MscQ",
  "authDomain": "alex-project-777.firebaseapp.com",
  "firestoreDatabaseId": "ai-studio-valorafinancialb-d04d3b28-8ce4-4af7-856f-0c436b1da511",
  "storageBucket": "alex-project-777.firebasestorage.app",
  "messagingSenderId": "990644348112",
  "measurementId": "G-J2VEDMYBLD"
}